{
  "version": 4,
  "terraform_version": "1.13.3",
  "serial": 186,
  "lineage": "e07c4246-1589-4b85-fffd-db9dc5fcc962",
  "outputs": {
    "analytics_config_name": {
      "value": "default-analysis",
      "type": "string"
    },
    "analytics_enabled": {
      "value": true,
      "type": "bool"
    },
    "analytics_export_bucket": {
      "value": "stack-buck6-nancy-analytics",
      "type": "string"
    },
    "dest_account_id": {
      "value": "083587468058",
      "type": "string"
    },
    "lifecycle_rule_status": {
      "value": "Enabled",
      "type": "string"
    },
    "lifecycle_transition_days": {
      "value": "30 / 90",
      "type": "string"
    },
    "replica_bucket_arn": {
      "value": "arn:aws:s3:::stack-buck3-nancy-replica-083587468058",
      "type": "string"
    },
    "replica_bucket_name": {
      "value": "stack-buck3-nancy-replica-083587468058",
      "type": "string"
    },
    "replica_region": {
      "value": "us-west-2",
      "type": "string"
    },
    "replication_enabled": {
      "value": true,
      "type": "bool"
    },
    "replication_role_arn": {
      "value": "arn:aws:iam::135576900189:role/stack-buck6-nancy-replication-role",
      "type": "string"
    },
    "replication_rule_ids": {
      "value": [
        "replicate-to-stack-buck3-nancy-replica-083587468058"
      ],
      "type": [
        "list",
        "string"
      ]
    },
    "sqs_queue_arn": {
      "value": "arn:aws:sqs:us-east-1:135576900189:stack-buck6-nancy-s3-events",
      "type": "string"
    },
    "sqs_queue_url": {
      "value": "https://sqs.us-east-1.amazonaws.com/135576900189/stack-buck6-nancy-s3-events",
      "type": "string"
    },
    "versioning_status": {
      "value": "Enabled",
      "type": "string"
    }
  },
  "resources": [
    {
      "mode": "data",
      "type": "aws_caller_identity",
      "name": "current",
      "provider": "provider[\"registry.terraform.io/hashicorp/aws\"]",
      "instances": [
        {
          "schema_version": 0,
          "attributes": {
            "account_id": "135576900189",
            "arn": "arn:aws:iam::135576900189:user/stack_prog",
            "id": "135576900189",
            "user_id": "AIDAR7EIDKJOWFZ3EYEYP"
          },
          "sensitive_attributes": [],
          "identity_schema_version": 0
        }
      ]
    },
    {
      "mode": "data",
      "type": "aws_iam_policy_document",
      "name": "replication_trust",
      "provider": "provider[\"registry.terraform.io/hashicorp/aws\"]",
      "instances": [
        {
          "schema_version": 0,
          "attributes": {
            "id": "1765856792",
            "json": "{\n  \"Version\": \"2012-10-17\",\n  \"Statement\": [\n    {\n      \"Effect\": \"Allow\",\n      \"Action\": \"sts:AssumeRole\",\n      \"Principal\": {\n        \"Service\": \"s3.amazonaws.com\"\n      }\n    }\n  ]\n}",
            "minified_json": "{\"Version\":\"2012-10-17\",\"Statement\":[{\"Effect\":\"Allow\",\"Action\":\"sts:AssumeRole\",\"Principal\":{\"Service\":\"s3.amazonaws.com\"}}]}",
            "override_json": null,
            "override_policy_documents": null,
            "policy_id": null,
            "source_json": null,
            "source_policy_documents": null,
            "statement": [
              {
                "actions": [
                  "sts:AssumeRole"
                ],
                "condition": [],
                "effect": "Allow",
                "not_actions": [],
                "not_principals": [],
                "not_resources": [],
                "principals": [
                  {
                    "identifiers": [
                      "s3.amazonaws.com"
                    ],
                    "type": "Service"
                  }
                ],
                "resources": [],
                "sid": ""
              }
            ],
            "version": "2012-10-17"
          },
          "sensitive_attributes": [],
          "identity_schema_version": 0
        }
      ]
    },
    {
      "mode": "managed",
      "type": "aws_iam_role",
      "name": "replication",
      "provider": "provider[\"registry.terraform.io/hashicorp/aws\"]",
      "instances": [
        {
          "index_key": 0,
          "schema_version": 0,
          "attributes": {
            "arn": "arn:aws:iam::135576900189:role/stack-buck6-nancy-replication-role",
            "assume_role_policy": "{\"Statement\":[{\"Action\":\"sts:AssumeRole\",\"Effect\":\"Allow\",\"Principal\":{\"Service\":\"s3.amazonaws.com\"}}],\"Version\":\"2012-10-17\"}",
            "create_date": "2025-10-23T01:00:17Z",
            "description": "",
            "force_detach_policies": false,
            "id": "stack-buck6-nancy-replication-role",
            "inline_policy": [],
            "managed_policy_arns": [],
            "max_session_duration": 3600,
            "name": "stack-buck6-nancy-replication-role",
            "name_prefix": "",
            "path": "/",
            "permissions_boundary": "",
            "tags": {},
            "tags_all": {},
            "unique_id": "AROAR7EIDKJO5JKFOLAPF"
          },
          "sensitive_attributes": [],
          "identity_schema_version": 0,
          "identity": {
            "account_id": "135576900189",
            "name": "stack-buck6-nancy-replication-role"
          },
          "private": "bnVsbA==",
          "dependencies": [
            "data.aws_iam_policy_document.replication_trust"
          ]
        }
      ]
    },
    {
      "mode": "managed",
      "type": "aws_s3_bucket",
      "name": "analytics_export",
      "provider": "provider[\"registry.terraform.io/hashicorp/aws\"]",
      "instances": [
        {
          "index_key": 0,
          "schema_version": 0,
          "attributes": {
            "acceleration_status": "",
            "acl": null,
            "arn": "arn:aws:s3:::stack-buck6-nancy-analytics",
            "bucket": "stack-buck6-nancy-analytics",
            "bucket_domain_name": "stack-buck6-nancy-analytics.s3.amazonaws.com",
            "bucket_prefix": "",
            "bucket_region": "us-east-1",
            "bucket_regional_domain_name": "stack-buck6-nancy-analytics.s3.us-east-1.amazonaws.com",
            "cors_rule": [],
            "force_destroy": false,
            "grant": [
              {
                "id": "c6b4916bd57c7c77d48085434a40825f705fe534cec1cc8a0cf695f232376244",
                "permissions": [
                  "FULL_CONTROL"
                ],
                "type": "CanonicalUser",
                "uri": ""
              }
            ],
            "hosted_zone_id": "Z3AQBSTGFYJSTF",
            "id": "stack-buck6-nancy-analytics",
            "lifecycle_rule": [],
            "logging": [],
            "object_lock_configuration": [],
            "object_lock_enabled": false,
            "policy": "",
            "region": "us-east-1",
            "replication_configuration": [],
            "request_payer": "BucketOwner",
            "server_side_encryption_configuration": [
              {
                "rule": [
                  {
                    "apply_server_side_encryption_by_default": [
                      {
                        "kms_master_key_id": "",
                        "sse_algorithm": "AES256"
                      }
                    ],
                    "bucket_key_enabled": false
                  }
                ]
              }
            ],
            "tags": {
              "Owner": "Nancy Tcheby",
              "Project": "S3-Terraform-Demo",
              "Type": "S3Analytics"
            },
            "tags_all": {
              "Owner": "Nancy Tcheby",
              "Project": "S3-Terraform-Demo",
              "Type": "S3Analytics"
            },
            "timeouts": null,
            "versioning": [
              {
                "enabled": false,
                "mfa_delete": false
              }
            ],
            "website": [],
            "website_domain": null,
            "website_endpoint": null
          },
          "sensitive_attributes": [],
          "identity_schema_version": 0,
          "identity": {
            "account_id": "135576900189",
            "bucket": "stack-buck6-nancy-analytics",
            "region": "us-east-1"
          },
          "private": "eyJlMmJmYjczMC1lY2FhLTExZTYtOGY4OC0zNDM2M2JjN2M0YzAiOnsiY3JlYXRlIjoxMjAwMDAwMDAwMDAwLCJkZWxldGUiOjM2MDAwMDAwMDAwMDAsInJlYWQiOjEyMDAwMDAwMDAwMDAsInVwZGF0ZSI6MTIwMDAwMDAwMDAwMH19"
        }
      ]
    },
    {
      "mode": "managed",
      "type": "aws_s3_bucket",
      "name": "cloudtrail_logs",
      "provider": "provider[\"registry.terraform.io/hashicorp/aws\"]",
      "instances": [
        {
          "index_key": 0,
          "schema_version": 0,
          "attributes": {
            "acceleration_status": "",
            "acl": null,
            "arn": "arn:aws:s3:::stack-buck3-nancy-ct-logs",
            "bucket": "stack-buck3-nancy-ct-logs",
            "bucket_domain_name": "stack-buck3-nancy-ct-logs.s3.amazonaws.com",
            "bucket_prefix": "",
            "bucket_region": "us-east-1",
            "bucket_regional_domain_name": "stack-buck3-nancy-ct-logs.s3.us-east-1.amazonaws.com",
            "cors_rule": [],
            "force_destroy": false,
            "grant": [
              {
                "id": "c6b4916bd57c7c77d48085434a40825f705fe534cec1cc8a0cf695f232376244",
                "permissions": [
                  "FULL_CONTROL"
                ],
                "type": "CanonicalUser",
                "uri": ""
              }
            ],
            "hosted_zone_id": "Z3AQBSTGFYJSTF",
            "id": "stack-buck3-nancy-ct-logs",
            "lifecycle_rule": [],
            "logging": [],
            "object_lock_configuration": [],
            "object_lock_enabled": false,
            "policy": "",
            "region": "us-east-1",
            "replication_configuration": [],
            "request_payer": "BucketOwner",
            "server_side_encryption_configuration": [
              {
                "rule": [
                  {
                    "apply_server_side_encryption_by_default": [
                      {
                        "kms_master_key_id": "",
                        "sse_algorithm": "AES256"
                      }
                    ],
                    "bucket_key_enabled": false
                  }
                ]
              }
            ],
            "tags": {
              "Owner": "Nancy Tcheby",
              "Project": "S3-Terraform-Demo",
              "Type": "CloudTrailLogs"
            },
            "tags_all": {
              "Owner": "Nancy Tcheby",
              "Project": "S3-Terraform-Demo",
              "Type": "CloudTrailLogs"
            },
            "timeouts": null,
            "versioning": [
              {
                "enabled": false,
                "mfa_delete": false
              }
            ],
            "website": [],
            "website_domain": null,
            "website_endpoint": null
          },
          "sensitive_attributes": [],
          "identity_schema_version": 0,
          "identity": {
            "account_id": "135576900189",
            "bucket": "stack-buck3-nancy-ct-logs",
            "region": "us-east-1"
          },
          "private": "eyJlMmJmYjczMC1lY2FhLTExZTYtOGY4OC0zNDM2M2JjN2M0YzAiOnsiY3JlYXRlIjoxMjAwMDAwMDAwMDAwLCJkZWxldGUiOjM2MDAwMDAwMDAwMDAsInJlYWQiOjEyMDAwMDAwMDAwMDAsInVwZGF0ZSI6MTIwMDAwMDAwMDAwMH19"
        }
      ]
    },
    {
      "mode": "managed",
      "type": "aws_s3_bucket",
      "name": "logs",
      "provider": "provider[\"registry.terraform.io/hashicorp/aws\"]",
      "instances": [
        {
          "index_key": 0,
          "schema_version": 0,
          "attributes": {
            "acceleration_status": "",
            "acl": null,
            "arn": "arn:aws:s3:::stack-buck3-nancy-logs",
            "bucket": "stack-buck3-nancy-logs",
            "bucket_domain_name": "stack-buck3-nancy-logs.s3.amazonaws.com",
            "bucket_prefix": "",
            "bucket_region": "us-east-1",
            "bucket_regional_domain_name": "stack-buck3-nancy-logs.s3.us-east-1.amazonaws.com",
            "cors_rule": [],
            "force_destroy": false,
            "grant": [
              {
                "id": "",
                "permissions": [
                  "READ_ACP",
                  "WRITE"
                ],
                "type": "Group",
                "uri": "http://acs.amazonaws.com/groups/s3/LogDelivery"
              },
              {
                "id": "c6b4916bd57c7c77d48085434a40825f705fe534cec1cc8a0cf695f232376244",
                "permissions": [
                  "FULL_CONTROL"
                ],
                "type": "CanonicalUser",
                "uri": ""
              }
            ],
            "hosted_zone_id": "Z3AQBSTGFYJSTF",
            "id": "stack-buck3-nancy-logs",
            "lifecycle_rule": [],
            "logging": [],
            "object_lock_configuration": [],
            "object_lock_enabled": false,
            "policy": "",
            "region": "us-east-1",
            "replication_configuration": [],
            "request_payer": "BucketOwner",
            "server_side_encryption_configuration": [
              {
                "rule": [
                  {
                    "apply_server_side_encryption_by_default": [
                      {
                        "kms_master_key_id": "",
                        "sse_algorithm": "AES256"
                      }
                    ],
                    "bucket_key_enabled": false
                  }
                ]
              }
            ],
            "tags": {
              "Owner": "Nancy Tcheby",
              "Project": "S3-Terraform-Demo",
              "Type": "AccessLogs"
            },
            "tags_all": {
              "Owner": "Nancy Tcheby",
              "Project": "S3-Terraform-Demo",
              "Type": "AccessLogs"
            },
            "timeouts": null,
            "versioning": [
              {
                "enabled": false,
                "mfa_delete": false
              }
            ],
            "website": [],
            "website_domain": null,
            "website_endpoint": null
          },
          "sensitive_attributes": [],
          "identity_schema_version": 0,
          "identity": {
            "account_id": "135576900189",
            "bucket": "stack-buck3-nancy-logs",
            "region": "us-east-1"
          },
          "private": "eyJlMmJmYjczMC1lY2FhLTExZTYtOGY4OC0zNDM2M2JjN2M0YzAiOnsiY3JlYXRlIjoxMjAwMDAwMDAwMDAwLCJkZWxldGUiOjM2MDAwMDAwMDAwMDAsInJlYWQiOjEyMDAwMDAwMDAwMDAsInVwZGF0ZSI6MTIwMDAwMDAwMDAwMH19"
        }
      ]
    },
    {
      "mode": "managed",
      "type": "aws_s3_bucket",
      "name": "object_lock",
      "provider": "provider[\"registry.terraform.io/hashicorp/aws\"]",
      "instances": [
        {
          "index_key": 0,
          "schema_version": 0,
          "attributes": {
            "acceleration_status": "",
            "acl": null,
            "arn": "arn:aws:s3:::stack-buck6-nancy-olock",
            "bucket": "stack-buck6-nancy-olock",
            "bucket_domain_name": "stack-buck6-nancy-olock.s3.amazonaws.com",
            "bucket_prefix": "",
            "bucket_region": "us-east-1",
            "bucket_regional_domain_name": "stack-buck6-nancy-olock.s3.us-east-1.amazonaws.com",
            "cors_rule": [],
            "force_destroy": false,
            "grant": [
              {
                "id": "c6b4916bd57c7c77d48085434a40825f705fe534cec1cc8a0cf695f232376244",
                "permissions": [
                  "FULL_CONTROL"
                ],
                "type": "CanonicalUser",
                "uri": ""
              }
            ],
            "hosted_zone_id": "Z3AQBSTGFYJSTF",
            "id": "stack-buck6-nancy-olock",
            "lifecycle_rule": [],
            "logging": [],
            "object_lock_configuration": [
              {
                "object_lock_enabled": "Enabled",
                "rule": [
                  {
                    "default_retention": [
                      {
                        "days": 30,
                        "mode": "GOVERNANCE",
                        "years": 0
                      }
                    ]
                  }
                ]
              }
            ],
            "object_lock_enabled": true,
            "policy": "",
            "region": "us-east-1",
            "replication_configuration": [],
            "request_payer": "BucketOwner",
            "server_side_encryption_configuration": [
              {
                "rule": [
                  {
                    "apply_server_side_encryption_by_default": [
                      {
                        "kms_master_key_id": "",
                        "sse_algorithm": "AES256"
                      }
                    ],
                    "bucket_key_enabled": false
                  }
                ]
              }
            ],
            "tags": {
              "Owner": "Nancy Tcheby",
              "Project": "S3-Terraform-Demo",
              "Type": "ObjectLockDemo"
            },
            "tags_all": {
              "Owner": "Nancy Tcheby",
              "Project": "S3-Terraform-Demo",
              "Type": "ObjectLockDemo"
            },
            "timeouts": null,
            "versioning": [
              {
                "enabled": true,
                "mfa_delete": false
              }
            ],
            "website": [],
            "website_domain": null,
            "website_endpoint": null
          },
          "sensitive_attributes": [],
          "identity_schema_version": 0,
          "identity": {
            "account_id": "135576900189",
            "bucket": "stack-buck6-nancy-olock",
            "region": "us-east-1"
          },
          "private": "eyJlMmJmYjczMC1lY2FhLTExZTYtOGY4OC0zNDM2M2JjN2M0YzAiOnsiY3JlYXRlIjoxMjAwMDAwMDAwMDAwLCJkZWxldGUiOjM2MDAwMDAwMDAwMDAsInJlYWQiOjEyMDAwMDAwMDAwMDAsInVwZGF0ZSI6MTIwMDAwMDAwMDAwMH19"
        }
      ]
    },
    {
      "mode": "managed",
      "type": "aws_s3_bucket",
      "name": "replica",
      "provider": "provider[\"registry.terraform.io/hashicorp/aws\"].replica",
      "instances": [
        {
          "index_key": 0,
          "schema_version": 0,
          "attributes": {
            "acceleration_status": "",
            "acl": null,
            "arn": "arn:aws:s3:::stack-buck3-nancy-replica-083587468058",
            "bucket": "stack-buck3-nancy-replica-083587468058",
            "bucket_domain_name": "stack-buck3-nancy-replica-083587468058.s3.amazonaws.com",
            "bucket_prefix": "",
            "bucket_region": "us-west-2",
            "bucket_regional_domain_name": "stack-buck3-nancy-replica-083587468058.s3.us-west-2.amazonaws.com",
            "cors_rule": [],
            "force_destroy": false,
            "grant": [
              {
                "id": "5b9dc14612b17e97651f0f6fee64a27b44b71f54319da6014b7b4e04f113a32f",
                "permissions": [
                  "FULL_CONTROL"
                ],
                "type": "CanonicalUser",
                "uri": ""
              }
            ],
            "hosted_zone_id": "Z3BJ6K6RIION7M",
            "id": "stack-buck3-nancy-replica-083587468058",
            "lifecycle_rule": [],
            "logging": [],
            "object_lock_configuration": [],
            "object_lock_enabled": false,
            "policy": "{\"Statement\":[{\"Action\":[\"s3:ReplicateObject\",\"s3:ReplicateDelete\",\"s3:ReplicateTags\",\"s3:ObjectOwnerOverrideToBucketOwner\",\"s3:PutObjectAcl\"],\"Effect\":\"Allow\",\"Principal\":{\"AWS\":\"arn:aws:iam::135576900189:role/stack-buck6-nancy-replication-role\"},\"Resource\":\"arn:aws:s3:::stack-buck3-nancy-replica-083587468058/*\",\"Sid\":\"AllowReplicationFromSourceAccountRole\"}],\"Version\":\"2012-10-17\"}",
            "region": "us-west-2",
            "replication_configuration": [],
            "request_payer": "BucketOwner",
            "server_side_encryption_configuration": [
              {
                "rule": [
                  {
                    "apply_server_side_encryption_by_default": [
                      {
                        "kms_master_key_id": "",
                        "sse_algorithm": "AES256"
                      }
                    ],
                    "bucket_key_enabled": false
                  }
                ]
              }
            ],
            "tags": {
              "Owner": "Nancy Tcheby",
              "Project": "S3-Terraform-Demo",
              "Type": "Replica"
            },
            "tags_all": {
              "Owner": "Nancy Tcheby",
              "Project": "S3-Terraform-Demo",
              "Type": "Replica"
            },
            "timeouts": null,
            "versioning": [
              {
                "enabled": true,
                "mfa_delete": false
              }
            ],
            "website": [],
            "website_domain": null,
            "website_endpoint": null
          },
          "sensitive_attributes": [],
          "identity_schema_version": 0,
          "identity": {
            "account_id": "083587468058",
            "bucket": "stack-buck3-nancy-replica-083587468058",
            "region": "us-west-2"
          },
          "private": "eyJlMmJmYjczMC1lY2FhLTExZTYtOGY4OC0zNDM2M2JjN2M0YzAiOnsiY3JlYXRlIjoxMjAwMDAwMDAwMDAwLCJkZWxldGUiOjM2MDAwMDAwMDAwMDAsInJlYWQiOjEyMDAwMDAwMDAwMDAsInVwZGF0ZSI6MTIwMDAwMDAwMDAwMH19"
        }
      ]
    },
    {
      "mode": "managed",
      "type": "aws_s3_bucket",
      "name": "this",
      "provider": "provider[\"registry.terraform.io/hashicorp/aws\"]",
      "instances": [
        {
          "schema_version": 0,
          "attributes": {
            "acceleration_status": "Suspended",
            "acl": null,
            "arn": "arn:aws:s3:::stack-buck3-nancy",
            "bucket": "stack-buck3-nancy",
            "bucket_domain_name": "stack-buck3-nancy.s3.amazonaws.com",
            "bucket_prefix": "",
            "bucket_region": "us-east-1",
            "bucket_regional_domain_name": "stack-buck3-nancy.s3.us-east-1.amazonaws.com",
            "cors_rule": [],
            "force_destroy": false,
            "grant": [
              {
                "id": "c6b4916bd57c7c77d48085434a40825f705fe534cec1cc8a0cf695f232376244",
                "permissions": [
                  "FULL_CONTROL"
                ],
                "type": "CanonicalUser",
                "uri": ""
              }
            ],
            "hosted_zone_id": "Z3AQBSTGFYJSTF",
            "id": "stack-buck3-nancy",
            "lifecycle_rule": [],
            "logging": [],
            "object_lock_configuration": [],
            "object_lock_enabled": false,
            "policy": "",
            "region": "us-east-1",
            "replication_configuration": [],
            "request_payer": "BucketOwner",
            "server_side_encryption_configuration": [
              {
                "rule": [
                  {
                    "apply_server_side_encryption_by_default": [
                      {
                        "kms_master_key_id": "",
                        "sse_algorithm": "AES256"
                      }
                    ],
                    "bucket_key_enabled": false
                  }
                ]
              }
            ],
            "tags": {
              "Department": "Cloud Eng Training",
              "Environment": "Dev",
              "Owner": "Nancy Tcheby",
              "Project": "S3-Terraform-Demo"
            },
            "tags_all": {
              "Department": "Cloud Eng Training",
              "Environment": "Dev",
              "Owner": "Nancy Tcheby",
              "Project": "S3-Terraform-Demo"
            },
            "timeouts": null,
            "versioning": [
              {
                "enabled": false,
                "mfa_delete": false
              }
            ],
            "website": [],
            "website_domain": "s3-website-us-east-1.amazonaws.com",
            "website_endpoint": "stack-buck3-nancy.s3-website-us-east-1.amazonaws.com"
          },
          "sensitive_attributes": [],
          "identity_schema_version": 0,
          "identity": {
            "account_id": "135576900189",
            "bucket": "stack-buck3-nancy",
            "region": "us-east-1"
          },
          "private": "eyJlMmJmYjczMC1lY2FhLTExZTYtOGY4OC0zNDM2M2JjN2M0YzAiOnsiY3JlYXRlIjoxMjAwMDAwMDAwMDAwLCJkZWxldGUiOjM2MDAwMDAwMDAwMDAsInJlYWQiOjEyMDAwMDAwMDAwMDAsInVwZGF0ZSI6MTIwMDAwMDAwMDAwMH19"
        }
      ]
    },
    {
      "mode": "managed",
      "type": "aws_s3_bucket_object_lock_configuration",
      "name": "object_lock_default",
      "provider": "provider[\"registry.terraform.io/hashicorp/aws\"]",
      "instances": [
        {
          "index_key": 0,
          "schema_version": 0,
          "attributes": {
            "bucket": "stack-buck6-nancy-olock",
            "expected_bucket_owner": "",
            "id": "stack-buck6-nancy-olock",
            "object_lock_enabled": "Enabled",
            "region": "us-east-1",
            "rule": [
              {
                "default_retention": [
                  {
                    "days": 30,
                    "mode": "GOVERNANCE",
                    "years": 0
                  }
                ]
              }
            ],
            "token": null
          },
          "sensitive_attributes": [
            [
              {
                "type": "get_attr",
                "value": "token"
              }
            ]
          ],
          "identity_schema_version": 0,
          "private": "bnVsbA==",
          "dependencies": [
            "aws_s3_bucket.object_lock",
            "aws_s3_bucket_versioning.object_lock"
          ]
        }
      ]
    },
    {
      "mode": "managed",
      "type": "aws_s3_bucket_ownership_controls",
      "name": "object_lock",
      "provider": "provider[\"registry.terraform.io/hashicorp/aws\"]",
      "instances": [
        {
          "index_key": 0,
          "schema_version": 0,
          "attributes": {
            "bucket": "stack-buck6-nancy-olock",
            "id": "stack-buck6-nancy-olock",
            "region": "us-east-1",
            "rule": [
              {
                "object_ownership": "BucketOwnerPreferred"
              }
            ]
          },
          "sensitive_attributes": [],
          "identity_schema_version": 0,
          "identity": {
            "account_id": "135576900189",
            "bucket": "stack-buck6-nancy-olock",
            "region": "us-east-1"
          },
          "private": "bnVsbA==",
          "dependencies": [
            "aws_s3_bucket.object_lock"
          ]
        }
      ]
    },
    {
      "mode": "managed",
      "type": "aws_s3_bucket_policy",
      "name": "replica_allow_replication",
      "provider": "provider[\"registry.terraform.io/hashicorp/aws\"].replica",
      "instances": [
        {
          "index_key": 0,
          "schema_version": 0,
          "attributes": {
            "bucket": "stack-buck3-nancy-replica-083587468058",
            "id": "stack-buck3-nancy-replica-083587468058",
            "policy": "{\"Statement\":[{\"Action\":[\"s3:ReplicateObject\",\"s3:ReplicateDelete\",\"s3:ReplicateTags\",\"s3:ObjectOwnerOverrideToBucketOwner\",\"s3:PutObjectAcl\"],\"Effect\":\"Allow\",\"Principal\":{\"AWS\":\"arn:aws:iam::135576900189:role/stack-buck6-nancy-replication-role\"},\"Resource\":\"arn:aws:s3:::stack-buck3-nancy-replica-083587468058/*\",\"Sid\":\"AllowReplicationFromSourceAccountRole\"}],\"Version\":\"2012-10-17\"}",
            "region": "us-west-2"
          },
          "sensitive_attributes": [],
          "identity_schema_version": 0,
          "identity": {
            "account_id": "083587468058",
            "bucket": "stack-buck3-nancy-replica-083587468058",
            "region": "us-west-2"
          },
          "private": "bnVsbA==",
          "dependencies": [
            "aws_iam_role.replication",
            "aws_s3_bucket.replica",
            "data.aws_iam_policy_document.replication_trust"
          ]
        }
      ]
    },
    {
      "mode": "managed",
      "type": "aws_s3_bucket_public_access_block",
      "name": "object_lock",
      "provider": "provider[\"registry.terraform.io/hashicorp/aws\"]",
      "instances": [
        {
          "index_key": 0,
          "schema_version": 0,
          "attributes": {
            "block_public_acls": true,
            "block_public_policy": true,
            "bucket": "stack-buck6-nancy-olock",
            "id": "stack-buck6-nancy-olock",
            "ignore_public_acls": true,
            "region": "us-east-1",
            "restrict_public_buckets": true,
            "skip_destroy": null
          },
          "sensitive_attributes": [],
          "identity_schema_version": 0,
          "identity": {
            "account_id": "135576900189",
            "bucket": "stack-buck6-nancy-olock",
            "region": "us-east-1"
          },
          "private": "bnVsbA==",
          "dependencies": [
            "aws_s3_bucket.object_lock"
          ]
        }
      ]
    },
    {
      "mode": "managed",
      "type": "aws_s3_bucket_versioning",
      "name": "object_lock",
      "provider": "provider[\"registry.terraform.io/hashicorp/aws\"]",
      "instances": [
        {
          "index_key": 0,
          "schema_version": 0,
          "attributes": {
            "bucket": "stack-buck6-nancy-olock",
            "expected_bucket_owner": "",
            "id": "stack-buck6-nancy-olock",
            "mfa": null,
            "region": "us-east-1",
            "versioning_configuration": [
              {
                "mfa_delete": "Disabled",
                "status": "Enabled"
              }
            ]
          },
          "sensitive_attributes": [],
          "identity_schema_version": 0,
          "identity": {
            "account_id": "135576900189",
            "bucket": "stack-buck6-nancy-olock",
            "expected_bucket_owner": null,
            "region": "us-east-1"
          },
          "private": "bnVsbA==",
          "dependencies": [
            "aws_s3_bucket.object_lock"
          ]
        }
      ]
    },
    {
      "mode": "managed",
      "type": "aws_s3_bucket_versioning",
      "name": "replica",
      "provider": "provider[\"registry.terraform.io/hashicorp/aws\"].replica",
      "instances": [
        {
          "index_key": 0,
          "schema_version": 0,
          "attributes": {
            "bucket": "stack-buck3-nancy-replica-083587468058",
            "expected_bucket_owner": "",
            "id": "stack-buck3-nancy-replica-083587468058",
            "mfa": null,
            "region": "us-west-2",
            "versioning_configuration": [
              {
                "mfa_delete": "",
                "status": "Enabled"
              }
            ]
          },
          "sensitive_attributes": [],
          "identity_schema_version": 0,
          "identity": {
            "account_id": "083587468058",
            "bucket": "stack-buck3-nancy-replica-083587468058",
            "expected_bucket_owner": null,
            "region": "us-west-2"
          },
          "private": "bnVsbA==",
          "dependencies": [
            "aws_s3_bucket.replica"
          ]
        }
      ]
    },
    {
      "mode": "managed",
      "type": "aws_sqs_queue",
      "name": "s3_events",
      "provider": "provider[\"registry.terraform.io/hashicorp/aws\"]",
      "instances": [
        {
          "index_key": 0,
          "schema_version": 0,
          "attributes": {
            "arn": "arn:aws:sqs:us-east-1:135576900189:stack-buck6-nancy-s3-events",
            "content_based_deduplication": false,
            "deduplication_scope": "",
            "delay_seconds": 0,
            "fifo_queue": false,
            "fifo_throughput_limit": "",
            "id": "https://sqs.us-east-1.amazonaws.com/135576900189/stack-buck6-nancy-s3-events",
            "kms_data_key_reuse_period_seconds": 300,
            "kms_master_key_id": "",
            "max_message_size": 262144,
            "message_retention_seconds": 86400,
            "name": "stack-buck6-nancy-s3-events",
            "name_prefix": "",
            "policy": "",
            "receive_wait_time_seconds": 0,
            "redrive_allow_policy": "",
            "redrive_policy": "",
            "region": "us-east-1",
            "sqs_managed_sse_enabled": true,
            "tags": {
              "Owner": "Nancy Tcheby",
              "Project": "S3-Terraform-Demo"
            },
            "tags_all": {
              "Owner": "Nancy Tcheby",
              "Project": "S3-Terraform-Demo"
            },
            "timeouts": null,
            "url": "https://sqs.us-east-1.amazonaws.com/135576900189/stack-buck6-nancy-s3-events",
            "visibility_timeout_seconds": 30
          },
          "sensitive_attributes": [],
          "identity_schema_version": 0,
          "identity": {
            "account_id": "135576900189",
            "region": "us-east-1",
            "url": "https://sqs.us-east-1.amazonaws.com/135576900189/stack-buck6-nancy-s3-events"
          },
          "private": "eyJlMmJmYjczMC1lY2FhLTExZTYtOGY4OC0zNDM2M2JjN2M0YzAiOnsiY3JlYXRlIjoxODAwMDAwMDAwMDAsImRlbGV0ZSI6MTgwMDAwMDAwMDAwLCJ1cGRhdGUiOjE4MDAwMDAwMDAwMH19"
        }
      ]
    }
  ],
  "check_results": [
    {
      "object_kind": "var",
      "config_addr": "var.default_encryption",
      "status": "pass",
      "objects": [
        {
          "object_addr": "var.default_encryption",
          "status": "pass"
        }
      ]
    },
    {
      "object_kind": "var",
      "config_addr": "var.replica_storage_class",
      "status": "pass",
      "objects": [
        {
          "object_addr": "var.replica_storage_class",
          "status": "pass"
        }
      ]
    }
  ]
}
