{
  "version": 4,
  "terraform_version": "1.13.3",
  "serial": 21,
  "lineage": "ec3b0a50-4102-b9e1-d1e8-376e759b2215",
  "outputs": {
    "password": {
      "value": "wcFMA1xEKsGyCfnCAQ//dN8rD/T+hwf8W02N2JFQiC3zBn/mY8U8cu1P+n6prYWs/Q2wW56VTgICrsW2bU515hFK7h/D1mig0YDZGDlHF26+V+iJ3Of7MSRgfVaA/ov3/ptJ+4fYqIGwZrr+e/RKNxT/2nCJk0ZUYwtphGdST1JknGwreG0+ALUSDMGgsBBJ7V53SVXPhESks6XweSS2uxrpWITRnL7sFvFE9etFz8OukspoZ3RbdZ4f+IB9dwEz+00mp2SlyAmPl29Ctb8tnXRC1t7hPyQ9Lt/4LFPjhNVkULyQbprgXHGKDaNk3XjLB5PBigbOJ7i2QQCMClm1dJjIY33eFG0zeOU547emeQzq+RNg3obgf1rNNHM2KKKpeyv69ynwQDRNOzRiNa8P70T7+Ij6ty6hqsBZG02N6Pt7zbNLFWP0bbwnqFv61+hwkUGONFhybIvLUoPoJqcMvLO2d1e2P9SVlwNd1KBjXl8mcqAy2tyjmgn7XOajQrPKT48qDFUjz7zYLjDd4qe0hZ8MpsRMjMTgIlH6Sd1krhtF4XEZiXqacWA5r36tLAQ8lShAy+dXd5YFtiwofKr5sep1iumXdxYF3GjEg2YmTBtVv5bLhk17ptRA2pz/E8TX2O0f4I3QMBz8Rbyq4234ncCroIBhonTo8mjAOGvMCz6FR+mqMwx4pRdUucrIuAzSRQHShPE9RC0XcB6kBYla/y5kc4703J7jCxuVnonk6lJvG7wioy/GwIVBkI5H5ptiT1UXdUDQl5TEf9k7qTzGoLI7OPwIwQ==",
      "type": "string"
    }
  },
  "resources": [
    {
      "mode": "managed",
      "type": "aws_iam_group",
      "name": "group",
      "provider": "provider[\"registry.terraform.io/hashicorp/aws\"]",
      "instances": [
        {
          "schema_version": 0,
          "attributes": {
            "arn": "arn:aws:iam::135576900189:group/stack-group",
            "id": "stack-group",
            "name": "stack-group",
            "path": "/",
            "unique_id": "AGPAR7EIDKJOYR4IU62B6"
          },
          "sensitive_attributes": [],
          "identity_schema_version": 0,
          "private": "bnVsbA=="
        }
      ]
    },
    {
      "mode": "managed",
      "type": "aws_iam_group_membership",
      "name": "team",
      "provider": "provider[\"registry.terraform.io/hashicorp/aws\"]",
      "instances": [
        {
          "schema_version": 0,
          "attributes": {
            "group": "stack-group",
            "id": "stack-group-membership",
            "name": "stack-group-membership",
            "users": [
              "stackuser1"
            ]
          },
          "sensitive_attributes": [],
          "identity_schema_version": 0,
          "private": "bnVsbA==",
          "dependencies": [
            "aws_iam_group.group",
            "aws_iam_user.user"
          ]
        }
      ]
    },
    {
      "mode": "managed",
      "type": "aws_iam_policy",
      "name": "policy",
      "provider": "provider[\"registry.terraform.io/hashicorp/aws\"]",
      "instances": [
        {
          "schema_version": 0,
          "attributes": {
            "arn": "arn:aws:iam::135576900189:policy/stack-admin",
            "attachment_count": 0,
            "description": "A policy that gives admin access",
            "id": "arn:aws:iam::135576900189:policy/stack-admin",
            "name": "stack-admin",
            "name_prefix": "",
            "path": "/",
            "policy": "{\"Statement\":[{\"Action\":\"*\",\"Effect\":\"Allow\",\"Resource\":\"*\"}],\"Version\":\"2012-10-17\"}",
            "policy_id": "ANPAR7EIDKJORG6MDLYB4",
            "tags": null,
            "tags_all": {}
          },
          "sensitive_attributes": [],
          "identity_schema_version": 0,
          "identity": {
            "arn": "arn:aws:iam::135576900189:policy/stack-admin"
          },
          "private": "bnVsbA=="
        }
      ]
    },
    {
      "mode": "managed",
      "type": "aws_iam_policy_attachment",
      "name": "stack-attach",
      "provider": "provider[\"registry.terraform.io/hashicorp/aws\"]",
      "instances": [
        {
          "schema_version": 0,
          "attributes": {
            "groups": [
              "stack-group"
            ],
            "id": "stack-attachment",
            "name": "stack-attachment",
            "policy_arn": "arn:aws:iam::135576900189:policy/stack-admin",
            "roles": null,
            "users": null
          },
          "sensitive_attributes": [],
          "identity_schema_version": 0,
          "private": "bnVsbA==",
          "dependencies": [
            "aws_iam_group.group",
            "aws_iam_policy.policy"
          ]
        }
      ]
    },
    {
      "mode": "managed",
      "type": "aws_iam_user",
      "name": "user",
      "provider": "provider[\"registry.terraform.io/hashicorp/aws\"]",
      "instances": [
        {
          "schema_version": 0,
          "attributes": {
            "arn": "arn:aws:iam::135576900189:user/stackuser1",
            "force_destroy": true,
            "id": "stackuser1",
            "name": "stackuser1",
            "path": "/",
            "permissions_boundary": "",
            "tags": null,
            "tags_all": {},
            "unique_id": "AIDAR7EIDKJO4S67YY7KL"
          },
          "sensitive_attributes": [],
          "identity_schema_version": 0,
          "private": "bnVsbA=="
        }
      ]
    },
    {
      "mode": "managed",
      "type": "aws_iam_user_login_profile",
      "name": "log-prof",
      "provider": "provider[\"registry.terraform.io/hashicorp/aws\"]",
      "instances": [
        {
          "schema_version": 0,
          "attributes": {
            "encrypted_password": "wcFMA1xEKsGyCfnCAQ//dN8rD/T+hwf8W02N2JFQiC3zBn/mY8U8cu1P+n6prYWs/Q2wW56VTgICrsW2bU515hFK7h/D1mig0YDZGDlHF26+V+iJ3Of7MSRgfVaA/ov3/ptJ+4fYqIGwZrr+e/RKNxT/2nCJk0ZUYwtphGdST1JknGwreG0+ALUSDMGgsBBJ7V53SVXPhESks6XweSS2uxrpWITRnL7sFvFE9etFz8OukspoZ3RbdZ4f+IB9dwEz+00mp2SlyAmPl29Ctb8tnXRC1t7hPyQ9Lt/4LFPjhNVkULyQbprgXHGKDaNk3XjLB5PBigbOJ7i2QQCMClm1dJjIY33eFG0zeOU547emeQzq+RNg3obgf1rNNHM2KKKpeyv69ynwQDRNOzRiNa8P70T7+Ij6ty6hqsBZG02N6Pt7zbNLFWP0bbwnqFv61+hwkUGONFhybIvLUoPoJqcMvLO2d1e2P9SVlwNd1KBjXl8mcqAy2tyjmgn7XOajQrPKT48qDFUjz7zYLjDd4qe0hZ8MpsRMjMTgIlH6Sd1krhtF4XEZiXqacWA5r36tLAQ8lShAy+dXd5YFtiwofKr5sep1iumXdxYF3GjEg2YmTBtVv5bLhk17ptRA2pz/E8TX2O0f4I3QMBz8Rbyq4234ncCroIBhonTo8mjAOGvMCz6FR+mqMwx4pRdUucrIuAzSRQHShPE9RC0XcB6kBYla/y5kc4703J7jCxuVnonk6lJvG7wioy/GwIVBkI5H5ptiT1UXdUDQl5TEf9k7qTzGoLI7OPwIwQ==",
            "id": "stackuser1",
            "key_fingerprint": "45ec4cc829dff59357ce7235aea7e036fcd47f19",
            "password": null,
            "password_length": 20,
            "password_reset_required": null,
            "pgp_key": "keybase:stacknancy1",
            "user": "stackuser1"
          },
          "sensitive_attributes": [
            [
              {
                "type": "get_attr",
                "value": "password"
              }
            ]
          ],
          "identity_schema_version": 0,
          "private": "bnVsbA==",
          "dependencies": [
            "aws_iam_user.user"
          ]
        }
      ]
    }
  ],
  "check_results": null
}
