{
  "version": 4,
  "terraform_version": "1.13.3",
  "serial": 24,
  "lineage": "ec3b0a50-4102-b9e1-d1e8-376e759b2215",
  "outputs": {
    "password": {
      "value": "wcFMA1xEKsGyCfnCAQ/+I5OlLzks3tKr/1NLfVZQ74fvlFNVHCw8jY0qXlNYyPrzYH0FqZTcBcsU1ZZ/BoxgHimmexL5z7vOraHvdeCyJlZFH2fBkICaeJohlFqqRQ2Gx7SztTPe2pfgEK9fkbz1nc14qDhq+2IO+NO0bkeqpT8mmZtBuTI9i+ylPH7bWG26mwkj1qy1YBVc/IBOxXa7rBAGohREODkjOEsJudCEEwGecktGez5BdnUemMxXDVsYzfeflg8ttnhR+yRgoEW39TD3qRjJov1tMAe/VlrJ4y6FU8xepXmY98W1ziQjtqVUT2LSCA4J8QF1EBN/v47eMLMVXld8HYLJZT5cJbfnA8Aag3/vizEYjPtAevE18sp2euFbp3whwczPw097Cgiu5OeB7sKHbeoJ3ylaf7wJweWDWrIWjGv9E8C7dk0itBUjydmf4Rzhr7bMqr81SvgwpRu5cNRNG/7dXQMdcGS82SiHJZ1BtSdfw1nMBu2Z9IqjKgL9gYmSKXIGxP+JsyteZEaT/kHa3YP4ilqduebPCE7M+L/Iy3VqnXPCoI0Aa9Ed+Tet+7UPyJOjHmTKodjYaejx2qk8EtwrSv4+ULbe9bf5dFMGB+4z8vMS2z30JmGscnZEQ4NFzwqXAZxF7ULDQD0dsrFCJNHB3hssRJlTU7/84X+msqVtnf2dKDKhZxbSRQEzcfIA6P/W3gyzMNahBhAaKDEOJumkSmhAK6L1Z0ElSIsTV/BJak2ws0jH+Ljb3OqIi8gpnvwmb2UFjMppGgQpVpT0IQ==",
      "type": "string"
    }
  },
  "resources": [
    {
      "mode": "managed",
      "type": "aws_iam_group",
      "name": "group",
      "provider": "provider[\"registry.terraform.io/hashicorp/aws\"]",
      "instances": [
        {
          "schema_version": 0,
          "attributes": {
            "arn": "arn:aws:iam::135576900189:group/stack-group",
            "id": "stack-group",
            "name": "stack-group",
            "path": "/",
            "unique_id": "AGPAR7EIDKJOYR4IU62B6"
          },
          "sensitive_attributes": [],
          "identity_schema_version": 0,
          "private": "bnVsbA=="
        }
      ]
    },
    {
      "mode": "managed",
      "type": "aws_iam_group_membership",
      "name": "team",
      "provider": "provider[\"registry.terraform.io/hashicorp/aws\"]",
      "instances": [
        {
          "schema_version": 0,
          "attributes": {
            "group": "stack-group",
            "id": "stack-group-membership",
            "name": "stack-group-membership",
            "users": [
              "stackuser1"
            ]
          },
          "sensitive_attributes": [],
          "identity_schema_version": 0,
          "private": "bnVsbA==",
          "dependencies": [
            "aws_iam_group.group",
            "aws_iam_user.user"
          ]
        }
      ]
    },
    {
      "mode": "managed",
      "type": "aws_iam_policy",
      "name": "policy",
      "provider": "provider[\"registry.terraform.io/hashicorp/aws\"]",
      "instances": [
        {
          "schema_version": 0,
          "attributes": {
            "arn": "arn:aws:iam::135576900189:policy/stack-admin",
            "attachment_count": 1,
            "description": "A policy that gives admin access",
            "id": "arn:aws:iam::135576900189:policy/stack-admin",
            "name": "stack-admin",
            "name_prefix": "",
            "path": "/",
            "policy": "{\"Statement\":[{\"Action\":\"*\",\"Effect\":\"Allow\",\"Resource\":\"*\"}],\"Version\":\"2012-10-17\"}",
            "policy_id": "ANPAR7EIDKJORG6MDLYB4",
            "tags": {},
            "tags_all": {}
          },
          "sensitive_attributes": [],
          "identity_schema_version": 0,
          "identity": {
            "arn": "arn:aws:iam::135576900189:policy/stack-admin"
          },
          "private": "bnVsbA=="
        }
      ]
    },
    {
      "mode": "managed",
      "type": "aws_iam_policy_attachment",
      "name": "stack-attach",
      "provider": "provider[\"registry.terraform.io/hashicorp/aws\"]",
      "instances": [
        {
          "schema_version": 0,
          "attributes": {
            "groups": [
              "stack-group"
            ],
            "id": "stack-attachment",
            "name": "stack-attachment",
            "policy_arn": "arn:aws:iam::135576900189:policy/stack-admin",
            "roles": [],
            "users": []
          },
          "sensitive_attributes": [],
          "identity_schema_version": 0,
          "private": "bnVsbA==",
          "dependencies": [
            "aws_iam_group.group",
            "aws_iam_policy.policy"
          ]
        }
      ]
    },
    {
      "mode": "managed",
      "type": "aws_iam_user",
      "name": "user",
      "provider": "provider[\"registry.terraform.io/hashicorp/aws\"]",
      "instances": [
        {
          "schema_version": 0,
          "attributes": {
            "arn": "arn:aws:iam::135576900189:user/stackuser1",
            "force_destroy": true,
            "id": "stackuser1",
            "name": "stackuser1",
            "path": "/",
            "permissions_boundary": "",
            "tags": {},
            "tags_all": {},
            "unique_id": "AIDAR7EIDKJO4S67YY7KL"
          },
          "sensitive_attributes": [],
          "identity_schema_version": 0,
          "private": "bnVsbA=="
        }
      ]
    },
    {
      "mode": "managed",
      "type": "aws_iam_user_login_profile",
      "name": "log-prof",
      "provider": "provider[\"registry.terraform.io/hashicorp/aws\"]",
      "instances": [
        {
          "schema_version": 0,
          "attributes": {
            "encrypted_password": "wcFMA1xEKsGyCfnCAQ/+I5OlLzks3tKr/1NLfVZQ74fvlFNVHCw8jY0qXlNYyPrzYH0FqZTcBcsU1ZZ/BoxgHimmexL5z7vOraHvdeCyJlZFH2fBkICaeJohlFqqRQ2Gx7SztTPe2pfgEK9fkbz1nc14qDhq+2IO+NO0bkeqpT8mmZtBuTI9i+ylPH7bWG26mwkj1qy1YBVc/IBOxXa7rBAGohREODkjOEsJudCEEwGecktGez5BdnUemMxXDVsYzfeflg8ttnhR+yRgoEW39TD3qRjJov1tMAe/VlrJ4y6FU8xepXmY98W1ziQjtqVUT2LSCA4J8QF1EBN/v47eMLMVXld8HYLJZT5cJbfnA8Aag3/vizEYjPtAevE18sp2euFbp3whwczPw097Cgiu5OeB7sKHbeoJ3ylaf7wJweWDWrIWjGv9E8C7dk0itBUjydmf4Rzhr7bMqr81SvgwpRu5cNRNG/7dXQMdcGS82SiHJZ1BtSdfw1nMBu2Z9IqjKgL9gYmSKXIGxP+JsyteZEaT/kHa3YP4ilqduebPCE7M+L/Iy3VqnXPCoI0Aa9Ed+Tet+7UPyJOjHmTKodjYaejx2qk8EtwrSv4+ULbe9bf5dFMGB+4z8vMS2z30JmGscnZEQ4NFzwqXAZxF7ULDQD0dsrFCJNHB3hssRJlTU7/84X+msqVtnf2dKDKhZxbSRQEzcfIA6P/W3gyzMNahBhAaKDEOJumkSmhAK6L1Z0ElSIsTV/BJak2ws0jH+Ljb3OqIi8gpnvwmb2UFjMppGgQpVpT0IQ==",
            "id": "stackuser1",
            "key_fingerprint": "45ec4cc829dff59357ce7235aea7e036fcd47f19",
            "password": null,
            "password_length": 20,
            "password_reset_required": null,
            "pgp_key": "keybase:stacknancy1",
            "user": "stackuser1"
          },
          "sensitive_attributes": [
            [
              {
                "type": "get_attr",
                "value": "password"
              }
            ]
          ],
          "identity_schema_version": 0,
          "private": "bnVsbA==",
          "dependencies": [
            "aws_iam_user.user"
          ]
        }
      ]
    }
  ],
  "check_results": null
}
